
Microsoft Visual Studio Solution File, Format Version 12.00
# Visual Studio Version 16
VisualStudioVersion = 16.0.32413.511
MinimumVisualStudioVersion = 10.0.40219.1
Project("{FAE04EC0-301F-11D3-BF4B-00C04F79EFBC}") = "PorraGirona", "PorraGirona\PorraGirona.csproj", "{33A63ED9-B8C0-421B-B8E1-C6ABCC2A2C87}"
EndProject
Global
	GlobalSection(SolutionConfigurationPlatforms) = preSolution
		Debug|Any CPU = Debug|Any CPU
		Release|Any CPU = Release|Any CPU
	EndGlobalSection
	GlobalSection(ProjectConfigurationPlatforms) = postSolution
		{33A63ED9-B8C0-421B-B8E1-C6ABCC2A2C87}.Debug|Any CPU.ActiveCfg = Debug|Any CPU
		{33A63ED9-B8C0-421B-B8E1-C6ABCC2A2C87}.Debug|Any CPU.Build.0 = Debug|Any CPU
		{33A63ED9-B8C0-421B-B8E1-C6ABCC2A2C87}.Release|Any CPU.ActiveCfg = Release|Any CPU
		{33A63ED9-B8C0-421B-B8E1-C6ABCC2A2C87}.Release|Any CPU.Build.0 = Release|Any CPU
	EndGlobalSection
	GlobalSection(SolutionProperties) = preSolution
		HideSolutionNode = FALSE
	EndGlobalSection
	GlobalSection(ExtensibilityGlobals) = postSolution
		SolutionGuid = {5F2273C7-5E84-441D-8364-50C39FD6192E}
	EndGlobalSection
EndGlobal
